version = 1
revision = 3
requires-python = "==3.13.*"

[[package]]
name = "aster-vale-corpus-authoring"
version = "0.1.0"
source = { virtual = "." }
dependencies = [
    { name = "pillow" },
    { name = "playwright" },
    { name = "pymupdf" },
]

[package.dev-dependencies]
dev = [
    { name = "pytest" },
]

[package.metadata]
requires-dist = [
    { name = "pillow", specifier = "==10.4.0" },
    { name = "playwright", specifier = "==1.52.0" },
    { name = "pymupdf", specifier = "==1.28.0" },
]

[package.metadata.requires-dev]
dev = [{ name = "pytest", specifier = "==8.4.2" }]

[[package]]
name = "colorama"
version = "0.4.6"
source = { registry = "https://packagefeedproxy.microsoft.io/pypi/simple/" }
sdist = { url = "https://ms-feed-25.pkgs.visualstudio.com/6f084628-a36d-42cb-934d-057357e379dc/_packaging/49d7402f-07bb-4b18-a9ce-086e6e98a554/pypi/download/colorama/0.4.6/colorama-0.4.6.tar.gz", hash = "sha256:08695f5cb7ed6e0531a20572697297273c47b8cae5a63ffc6d6ed5c201be6e44", size = 27697, upload-time = "2026-07-30T17:39:15Z" }
wheels = [
    { url = "https://ms-feed-25.pkgs.visualstudio.com/6f084628-a36d-42cb-934d-057357e379dc/_packaging/49d7402f-07bb-4b18-a9ce-086e6e98a554/pypi/download/colorama/0.4.6/colorama-0.4.6-py2.py3-none-any.whl", hash = "sha256:4f1d9991f5acc0ca119f9d443620b77f9d6b33703e51011c16baf57afb285fc6", size = 25335, upload-time = "2026-07-24T00:45:05Z" },
]

[[package]]
name = "greenlet"
version = "3.5.6"
source = { registry = "https://packagefeedproxy.microsoft.io/pypi/simple/" }
sdist = { url = "https://ms-feed-25.pkgs.visualstudio.com/6f084628-a36d-42cb-934d-057357e379dc/_packaging/49d7402f-07bb-4b18-a9ce-086e6e98a554/pypi/download/greenlet/3.5.6/greenlet-3.5.6.tar.gz", hash = "sha256:8e67c43bdfc88d5fee6db0d3e40175b362fc95fb85f0412d233b9b203c53a575", size = 207653, upload-time = "2026-09-21T16:31:54Z" }
wheels = [
    { url = "https://ms-feed-25.pkgs.visualstudio.com/6f084628-a36d-42cb-934d-057357e379dc/_packaging/49d7402f-07bb-4b18-a9ce-086e6e98a554/pypi/download/greenlet/3.5.6/greenlet-3.5.6-cp313-cp313-macosx_11_0_universal2.whl", hash = "sha256:f96f0e30b5a95c7631b12bfe214cbc90ec8fe8cfa36920596c10514a65743519", size = 294627, upload-time = "2026-09-21T14:38:18Z" },
    { url = "https://ms-feed-25.pkgs.visualstudio.com/6f084628-a36d-42cb-934d-057357e379dc/_packaging/49d7402f-07bb-4b18-a9ce-086e6e98a554/pypi/download/greenlet/3.5.6/greenlet-3.5.6-cp313-cp313-manylinux_2_24_aarch64.manylinux_2_28_aarch64.whl", hash = "sha256:c75116c9de79949de23006e2d9b35ee82874c594fcf5c0311b439acaa14b8441", size = 614356, upload-time = "2026-09-21T16:32:05Z" },
    { url = "https://ms-feed-25.pkgs.visualstudio.com/6f084628-a36d-42cb-934d-057357e379dc/_packaging/49d7402f-07bb-4b18-a9ce-086e6e98a554/pypi/download/greenlet/3.5.6/greenlet-3.5.6-cp313-cp313-manylinux_2_24_ppc64le.manylinux_2_28_ppc64le.whl", hash = "sha256:cad5782f93f7f738b62c6527b6f32a60694d924029f299a8b524758cfa53d815", size = 626756, upload-time = "2026-09-21T16:33:29Z" },
    { url = "https://ms-feed-25.pkgs.visualstudio.com/6f084628-a36d-42cb-934d-057357e379dc/_packaging/49d7402f-07bb-4b18-a9ce-086e6e98a554/pypi/download/greenlet/3.5.6/greenlet-3.5.6-cp313-cp313-manylinux_2_24_s390x.manylinux_2_28_s390x.whl", hash = "sha256:a93ee7c6e8fd0f8a83525a51bd777be57ee17787e91d805bd8d6faf9dcada18e", size = 632632, upload-time = "2026-09-21T16:33:12Z" },
    { url = "https://ms-feed-25.pkgs.visualstudio.com/6f084628-a36d-42cb-934d-057357e379dc/_packaging/49d7402f-07bb-4b18-a9ce-086e6e98a554/pypi/download/greenlet/3.5.6/greenlet-3.5.6-cp313-cp313-manylinux_2_24_x86_64.manylinux_2_28_x86_64.whl", hash = "sha256:f98e8215e172f567ce80eeaed9107fb4d32b6c44f26983d9b8334658136a205a", size = 623779, upload-time = "2026-09-21T14:29:05Z" },
    { url = "https://ms-feed-25.pkgs.visualstudio.com/6f084628-a36d-42cb-934d-057357e379dc/_packaging/49d7402f-07bb-4b18-a9ce-086e6e98a554/pypi/download/greenlet/3.5.6/greenlet-3.5.6-cp313-cp313-manylinux_2_39_riscv64.whl", hash = "sha256:7f731ebac68ea06d628658295cb2d217b10186329fcf9a3b6a149045059bf92e", size = 434933, upload-time = "2026-09-21T16:30:31Z" },
    { url = "https://ms-feed-25.pkgs.visualstudio.com/6f084628-a36d-42cb-934d-057357e379dc/_packaging/49d7402f-07bb-4b18-a9ce-086e6e98a554/pypi/download/greenlet/3.5.6/greenlet-3.5.6-cp313-cp313-musllinux_1_2_aarch64.whl", hash = "sha256:df19e2d0b1620039af5102563fbd96e8938c7f5c3f5828528d641d9fc585525e", size = 1584930, upload-time = "2026-09-21T16:33:33Z" },
    { url = "https://ms-feed-25.pkgs.visualstudio.com/6f084628-a36d-42cb-934d-057357e379dc/_packaging/49d7402f-07bb-4b18-a9ce-086e6e98a554/pypi/download/greenlet/3.5.6/greenlet-3.5.6-cp313-cp313-musllinux_1_2_x86_64.whl", hash = "sha256:06c0e933290fba8ffe53ead4ae1b8044b0e9754b75cebf381aa2bc3e50d82fac", size = 1647590, upload-time = "2026-09-21T16:33:56Z" },
    { url = "https://ms-feed-25.pkgs.visualstudio.com/6f084628-a36d-42cb-934d-057357e379dc/_packaging/49d7402f-07bb-4b18-a9ce-086e6e98a554/pypi/download/greenlet/3.5.6/greenlet-3.5.6-cp313-cp313-win_amd64.whl", hash = "sha256:5b602b4201b965a8354d74e232364a66ff243dd142e350d035f46169bb36e13d", size = 324086, upload-time = "2026-09-21T14:31:45Z" },
    { url = "https://ms-feed-25.pkgs.visualstudio.com/6f084628-a36d-42cb-934d-057357e379dc/_packaging/49d7402f-07bb-4b18-a9ce-086e6e98a554/pypi/download/greenlet/3.5.6/greenlet-3.5.6-cp313-cp313-win_arm64.whl", hash = "sha256:876077e7ebb8c84ed068e2b23d4c62ebb010d60df84b9591af1be2f39010ffb2", size = 308211, upload-time = "2026-09-21T16:33:15Z" },
]

[[package]]
name = "iniconfig"
version = "2.3.0"
source = { registry = "https://packagefeedproxy.microsoft.io/pypi/simple/" }
sdist = { url = "https://ms-feed-25.pkgs.visualstudio.com/6f084628-a36d-42cb-934d-057357e379dc/_packaging/49d7402f-07bb-4b18-a9ce-086e6e98a554/pypi/download/iniconfig/2.3/iniconfig-2.3.0.tar.gz", hash = "sha256:c76315c77db068650d49c5b56314774a7804df16fee4402c1f19d6d15d8c4730", size = 20503, upload-time = "2026-07-31T17:23:16Z" }
wheels = [
    { url = "https://ms-feed-25.pkgs.visualstudio.com/6f084628-a36d-42cb-934d-057357e379dc/_packaging/49d7402f-07bb-4b18-a9ce-086e6e98a554/pypi/download/iniconfig/2.3/iniconfig-2.3.0-py3-none-any.whl", hash = "sha256:f631c04d2c48c52b84d0d0549c99ff3859c98df65b3101406327ecc7d53fbf12", size = 7484, upload-time = "2026-07-23T19:00:22Z" },
]

[[package]]
name = "packaging"
version = "26.3"
source = { registry = "https://packagefeedproxy.microsoft.io/pypi/simple/" }
sdist = { url = "https://ms-feed-25.pkgs.visualstudio.com/6f084628-a36d-42cb-934d-057357e379dc/_packaging/49d7402f-07bb-4b18-a9ce-086e6e98a554/pypi/download/packaging/26.3/packaging-26.3.tar.gz", hash = "sha256:94edc256424af38762eb31306eed28beb9f0efc50a8837492c9d6fd6004aed79", size = 313412, upload-time = "2026-08-05T22:33:46Z" }
wheels = [
    { url = "https://ms-feed-25.pkgs.visualstudio.com/6f084628-a36d-42cb-934d-057357e379dc/_packaging/49d7402f-07bb-4b18-a9ce-086e6e98a554/pypi/download/packaging/26.3/packaging-26.3-py3-none-any.whl", hash = "sha256:d7193f7c8e4e93f444fde0262bf90af30e16fa0ad0ad44cb553c87339b23cd1c", size = 129956, upload-time = "2026-08-05T06:15:43Z" },
]

[[package]]
name = "pillow"
version = "10.4.0"
source = { registry = "https://packagefeedproxy.microsoft.io/pypi/simple/" }
sdist = { url = "https://ms-feed-25.pkgs.visualstudio.com/6f084628-a36d-42cb-934d-057357e379dc/_packaging/49d7402f-07bb-4b18-a9ce-086e6e98a554/pypi/download/pillow/10.4/pillow-10.4.0.tar.gz", hash = "sha256:166c1cd4d24309b30d61f79f4a9114b7b2313d7450912277855ff5dfd7cd4a06", size = 46555059, upload-time = "2026-08-03T10:48:11Z" }
wheels = [
    { url = "https://ms-feed-25.pkgs.visualstudio.com/6f084628-a36d-42cb-934d-057357e379dc/_packaging/49d7402f-07bb-4b18-a9ce-086e6e98a554/pypi/download/pillow/10.4/pillow-10.4.0-cp313-cp313-macosx_10_13_x86_64.whl", hash = "sha256:8bc1a764ed8c957a2e9cacf97c8b2b053b70307cf2996aafd70e91a082e70df3", size = 3525685, upload-time = "2026-09-09T23:30:40Z" },
    { url = "https://ms-feed-25.pkgs.visualstudio.com/6f084628-a36d-42cb-934d-057357e379dc/_packaging/49d7402f-07bb-4b18-a9ce-086e6e98a554/pypi/download/pillow/10.4/pillow-10.4.0-cp313-cp313-macosx_11_0_arm64.whl", hash = "sha256:6209bb41dc692ddfee4942517c19ee81b86c864b626dbfca272ec0f7cff5d9fb", size = 3374883, upload-time = "2026-08-03T10:37:23Z" },
    { url = "https://ms-feed-25.pkgs.visualstudio.com/6f084628-a36d-42cb-934d-057357e379dc/_packaging/49d7402f-07bb-4b18-a9ce-086e6e98a554/pypi/download/pillow/10.4/pillow-10.4.0-cp313-cp313-manylinux_2_17_aarch64.manylinux2014_aarch64.whl", hash = "sha256:bee197b30783295d2eb680b311af15a20a8b24024a19c3a26431ff83eb8d1f70", size = 4339837, upload-time = "2024-07-01T09:46:49Z" },
    { url = "https://ms-feed-25.pkgs.visualstudio.com/6f084628-a36d-42cb-934d-057357e379dc/_packaging/49d7402f-07bb-4b18-a9ce-086e6e98a554/pypi/download/pillow/10.4/pillow-10.4.0-cp313-cp313-manylinux_2_17_x86_64.manylinux2014_x86_64.whl", hash = "sha256:1ef61f5dd14c300786318482456481463b9d6b91ebe5ef12f405afbba77ed0be", size = 4455562, upload-time = "2024-07-01T09:46:51Z" },
    { url = "https://ms-feed-25.pkgs.visualstudio.com/6f084628-a36d-42cb-934d-057357e379dc/_packaging/49d7402f-07bb-4b18-a9ce-086e6e98a554/pypi/download/pillow/10.4/pillow-10.4.0-cp313-cp313-manylinux_2_28_aarch64.whl", hash = "sha256:297e388da6e248c98bc4a02e018966af0c5f92dfacf5a5ca22fa01cb3179bca0", size = 4366761, upload-time = "2024-07-01T09:46:53Z" },
    { url = "https://ms-feed-25.pkgs.visualstudio.com/6f084628-a36d-42cb-934d-057357e379dc/_packaging/49d7402f-07bb-4b18-a9ce-086e6e98a554/pypi/download/pillow/10.4/pillow-10.4.0-cp313-cp313-manylinux_2_28_x86_64.whl", hash = "sha256:e4db64794ccdf6cb83a59d73405f63adbe2a1887012e308828596100a0b2f6cc", size = 4536767, upload-time = "2024-07-01T09:46:56Z" },
    { url = "https://ms-feed-25.pkgs.visualstudio.com/6f084628-a36d-42cb-934d-057357e379dc/_packaging/49d7402f-07bb-4b18-a9ce-086e6e98a554/pypi/download/pillow/10.4/pillow-10.4.0-cp313-cp313-musllinux_1_2_aarch64.whl", hash = "sha256:bd2880a07482090a3bcb01f4265f1936a903d70bc740bfcb1fd4e8a2ffe5cf5a", size = 4477989, upload-time = "2024-07-01T09:46:58Z" },
    { url = "https://ms-feed-25.pkgs.visualstudio.com/6f084628-a36d-42cb-934d-057357e379dc/_packaging/49d7402f-07bb-4b18-a9ce-086e6e98a554/pypi/download/pillow/10.4/pillow-10.4.0-cp313-cp313-musllinux_1_2_x86_64.whl", hash = "sha256:4b35b21b819ac1dbd1233317adeecd63495f6babf21b7b2512d244ff6c6ce309", size = 4610255, upload-time = "2024-07-01T09:47:01Z" },
    { url = "https://ms-feed-25.pkgs.visualstudio.com/6f084628-a36d-42cb-934d-057357e379dc/_packaging/49d7402f-07bb-4b18-a9ce-086e6e98a554/pypi/download/pillow/10.4/pillow-10.4.0-cp313-cp313-win32.whl", hash = "sha256:551d3fd6e9dc15e4c1eb6fc4ba2b39c0c7933fa113b220057a34f4bb3268a060", size = 2235603, upload-time = "2024-07-01T09:47:03Z" },
    { url = "https://ms-feed-25.pkgs.visualstudio.com/6f084628-a36d-42cb-934d-057357e379dc/_packaging/49d7402f-07bb-4b18-a9ce-086e6e98a554/pypi/download/pillow/10.4/pillow-10.4.0-cp313-cp313-win_amd64.whl", hash = "sha256:030abdbe43ee02e0de642aee345efa443740aa4d828bfe8e2eb11922ea6a21ea", size = 2554972, upload-time = "2026-07-31T11:25:56Z" },
    { url = "https://ms-feed-25.pkgs.visualstudio.com/6f084628-a36d-42cb-934d-057357e379dc/_packaging/49d7402f-07bb-4b18-a9ce-086e6e98a554/pypi/download/pillow/10.4/pillow-10.4.0-cp313-cp313-win_arm64.whl", hash = "sha256:5b001114dd152cfd6b23befeb28d7aee43553e2402c9f159807bf55f33af8a8d", size = 2243375, upload-time = "2026-08-14T18:39:23Z" },
]

[[package]]
name = "playwright"
version = "1.52.0"
source = { registry = "https://packagefeedproxy.microsoft.io/pypi/simple/" }
dependencies = [
    { name = "greenlet" },
    { name = "pyee" },
]
wheels = [
    { url = "https://ms-feed-25.pkgs.visualstudio.com/6f084628-a36d-42cb-934d-057357e379dc/_packaging/49d7402f-07bb-4b18-a9ce-086e6e98a554/pypi/download/playwright/1.52/playwright-1.52.0-py3-none-macosx_10_13_x86_64.whl", hash = "sha256:19b2cb9d4794062008a635a99bd135b03ebb782d460f96534a91cb583f549512", size = 39611246, upload-time = "2026-08-10T04:32:30Z" },
    { url = "https://ms-feed-25.pkgs.visualstudio.com/6f084628-a36d-42cb-934d-057357e379dc/_packaging/49d7402f-07bb-4b18-a9ce-086e6e98a554/pypi/download/playwright/1.52/playwright-1.52.0-py3-none-macosx_11_0_arm64.whl", hash = "sha256:0797c0479cbdc99607412a3c486a3a2ec9ddc77ac461259fd2878c975bcbb94a", size = 37962977, upload-time = "2026-08-04T08:02:04Z" },
    { url = "https://ms-feed-25.pkgs.visualstudio.com/6f084628-a36d-42cb-934d-057357e379dc/_packaging/49d7402f-07bb-4b18-a9ce-086e6e98a554/pypi/download/playwright/1.52/playwright-1.52.0-py3-none-macosx_11_0_universal2.whl", hash = "sha256:7223960b7dd7ddeec1ba378c302d1d09733b8dac438f492e9854c85d3ca7144f", size = 39611247, upload-time = "2025-04-30T09:28:41Z" },
    { url = "https://ms-feed-25.pkgs.visualstudio.com/6f084628-a36d-42cb-934d-057357e379dc/_packaging/49d7402f-07bb-4b18-a9ce-086e6e98a554/pypi/download/playwright/1.52/playwright-1.52.0-py3-none-manylinux1_x86_64.whl", hash = "sha256:d010124d24a321e0489a8c0d38a3971a7ca7656becea7656c9376bfea7f916d4", size = 45141333, upload-time = "2026-08-13T17:54:11Z" },
    { url = "https://ms-feed-25.pkgs.visualstudio.com/6f084628-a36d-42cb-934d-057357e379dc/_packaging/49d7402f-07bb-4b18-a9ce-086e6e98a554/pypi/download/playwright/1.52/playwright-1.52.0-py3-none-manylinux_2_17_aarch64.manylinux2014_aarch64.whl", hash = "sha256:4173e453c43180acc60fd77ffe1ebee8d0efbfd9986c03267007b9c3845415af", size = 44540623, upload-time = "2026-09-23T09:14:05Z" },
    { url = "https://ms-feed-25.pkgs.visualstudio.com/6f084628-a36d-42cb-934d-057357e379dc/_packaging/49d7402f-07bb-4b18-a9ce-086e6e98a554/pypi/download/playwright/1.52/playwright-1.52.0-py3-none-win32.whl", hash = "sha256:cd0bdf92df99db6237a99f828e80a6a50db6180ef8d5352fc9495df2c92f9971", size = 34839156, upload-time = "2026-08-11T04:23:14Z" },
    { url = "https://ms-feed-25.pkgs.visualstudio.com/6f084628-a36d-42cb-934d-057357e379dc/_packaging/49d7402f-07bb-4b18-a9ce-086e6e98a554/pypi/download/playwright/1.52/playwright-1.52.0-py3-none-win_amd64.whl", hash = "sha256:dcbf75101eba3066b7521c6519de58721ea44379eb17a0dafa94f9f1b17f59e4", size = 34839164, upload-time = "2026-08-05T15:53:18Z" },
    { url = "https://ms-feed-25.pkgs.visualstudio.com/6f084628-a36d-42cb-934d-057357e379dc/_packaging/49d7402f-07bb-4b18-a9ce-086e6e98a554/pypi/download/playwright/1.52/playwright-1.52.0-py3-none-win_arm64.whl", hash = "sha256:9d0085b8de513de5fb50669f8e6677f0252ef95a9a1d2d23ccee9638e71e65cb", size = 30688972, upload-time = "2026-08-21T14:23:29Z" },
]

[[package]]
name = "pluggy"
version = "1.6.0"
source = { registry = "https://packagefeedproxy.microsoft.io/pypi/simple/" }
sdist = { url = "https://ms-feed-25.pkgs.visualstudio.com/6f084628-a36d-42cb-934d-057357e379dc/_packaging/49d7402f-07bb-4b18-a9ce-086e6e98a554/pypi/download/pluggy/1.6/pluggy-1.6.0.tar.gz", hash = "sha256:7dcc130b76258d33b90f61b658791dede3486c3e6bfb003ee5c9bfb396dd22f3", size = 69412, upload-time = "2026-07-30T09:53:02Z" }
wheels = [
    { url = "https://ms-feed-25.pkgs.visualstudio.com/6f084628-a36d-42cb-934d-057357e379dc/_packaging/49d7402f-07bb-4b18-a9ce-086e6e98a554/pypi/download/pluggy/1.6/pluggy-1.6.0-py3-none-any.whl", hash = "sha256:e920276dd6813095e9377c0bc5566d94c932c33b27a3e3945d8389c374dd4746", size = 20538, upload-time = "2026-07-23T19:06:23Z" },
]

[[package]]
name = "pyee"
version = "13.0.1"
source = { registry = "https://packagefeedproxy.microsoft.io/pypi/simple/" }
dependencies = [
    { name = "typing-extensions" },
]
sdist = { url = "https://ms-feed-25.pkgs.visualstudio.com/6f084628-a36d-42cb-934d-057357e379dc/_packaging/49d7402f-07bb-4b18-a9ce-086e6e98a554/pypi/download/pyee/13.0.1/pyee-13.0.1.tar.gz", hash = "sha256:0b931f7c14535667ed4c7e0d531716368715e860b988770fc7eb8578d1f67fc8", size = 31655, upload-time = "2026-08-04T05:29:49Z" }
wheels = [
    { url = "https://ms-feed-25.pkgs.visualstudio.com/6f084628-a36d-42cb-934d-057357e379dc/_packaging/49d7402f-07bb-4b18-a9ce-086e6e98a554/pypi/download/pyee/13.0.1/pyee-13.0.1-py3-none-any.whl", hash = "sha256:af2f8fede4171ef667dfded53f96e2ed0d6e6bd7ee3bb46437f77e3b57689228", size = 15659, upload-time = "2026-07-24T00:42:13Z" },
]

[[package]]
name = "pygments"
version = "2.21.0"
source = { registry = "https://packagefeedproxy.microsoft.io/pypi/simple/" }
sdist = { url = "https://ms-feed-25.pkgs.visualstudio.com/6f084628-a36d-42cb-934d-057357e379dc/_packaging/49d7402f-07bb-4b18-a9ce-086e6e98a554/pypi/download/pygments/2.21/pygments-2.21.0.tar.gz", hash = "sha256:610ca751c9bc2492b38eb9a38a7fbc93edbbb2d7182edaf34e66ae493dee5c8c", size = 5005329, upload-time = "2026-08-24T13:38:59Z" }
wheels = [
    { url = "https://ms-feed-25.pkgs.visualstudio.com/6f084628-a36d-42cb-934d-057357e379dc/_packaging/49d7402f-07bb-4b18-a9ce-086e6e98a554/pypi/download/pygments/2.21/pygments-2.21.0-py3-none-any.whl", hash = "sha256:2363c69b61c4a97c838da3b130dcd6468f4848992b21a82f2a63ec34377137d9", size = 1250147, upload-time = "2026-08-24T08:02:49Z" },
]

[[package]]
name = "pymupdf"
version = "1.28.0"
source = { registry = "https://packagefeedproxy.microsoft.io/pypi/simple/" }
sdist = { url = "https://ms-feed-25.pkgs.visualstudio.com/6f084628-a36d-42cb-934d-057357e379dc/_packaging/49d7402f-07bb-4b18-a9ce-086e6e98a554/pypi/download/pymupdf/1.28/pymupdf-1.28.0.tar.gz", hash = "sha256:e53f3567403a92da15caa9e7ae0164327fff48817e9f40175367fb9de524258d", size = 87637751, upload-time = "2026-07-25T20:59:37Z" }
wheels = [
    { url = "https://ms-feed-25.pkgs.visualstudio.com/6f084628-a36d-42cb-934d-057357e379dc/_packaging/49d7402f-07bb-4b18-a9ce-086e6e98a554/pypi/download/pymupdf/1.28/pymupdf-1.28.0-cp310-abi3-macosx_10_15_x86_64.whl", hash = "sha256:892b89ba88e8f98b53133b62877a9dc9b5e7dc6a4aeb837b612db56a8d2e03ac", size = 24597385, upload-time = "2026-07-29T22:32:30Z" },
    { url = "https://ms-feed-25.pkgs.visualstudio.com/6f084628-a36d-42cb-934d-057357e379dc/_packaging/49d7402f-07bb-4b18-a9ce-086e6e98a554/pypi/download/pymupdf/1.28/pymupdf-1.28.0-cp310-abi3-macosx_11_0_arm64.whl", hash = "sha256:4d692dcf44d3566ae96bc6f6346c6ad432274a29ba617bf7a9fe18009e24adb4", size = 23828292, upload-time = "2026-07-30T08:11:03Z" },
    { url = "https://ms-feed-25.pkgs.visualstudio.com/6f084628-a36d-42cb-934d-057357e379dc/_packaging/49d7402f-07bb-4b18-a9ce-086e6e98a554/pypi/download/pymupdf/1.28/pymupdf-1.28.0-cp310-abi3-manylinux_2_28_aarch64.whl", hash = "sha256:47a5c29ed4eb0744de9c4e37bb49b1259b18d4d75fcc8a7c130f7c9fa15956f6", size = 25045507, upload-time = "2026-08-22T21:57:42Z" },
    { url = "https://ms-feed-25.pkgs.visualstudio.com/6f084628-a36d-42cb-934d-057357e379dc/_packaging/49d7402f-07bb-4b18-a9ce-086e6e98a554/pypi/download/pymupdf/1.28/pymupdf-1.28.0-cp310-abi3-manylinux_2_28_x86_64.whl", hash = "sha256:44f0973f5e5edbaec95bc34b64e71d1959d4ee90b1328de1b4f4f5b4fa78673f", size = 25716599, upload-time = "2026-07-28T16:20:26Z" },
    { url = "https://ms-feed-25.pkgs.visualstudio.com/6f084628-a36d-42cb-934d-057357e379dc/_packaging/49d7402f-07bb-4b18-a9ce-086e6e98a554/pypi/download/pymupdf/1.28/pymupdf-1.28.0-cp310-abi3-musllinux_1_2_x86_64.whl", hash = "sha256:4d61ec323a706e153a12e262e51febfb43eeaa20977785ace135d18d48bcdc83", size = 25940489, upload-time = "2026-06-29T09:04:36Z" },
    { url = "https://ms-feed-25.pkgs.visualstudio.com/6f084628-a36d-42cb-934d-057357e379dc/_packaging/49d7402f-07bb-4b18-a9ce-086e6e98a554/pypi/download/pymupdf/1.28/pymupdf-1.28.0-cp310-abi3-win32.whl", hash = "sha256:caea2b3b67347fd79e5d15ed7929b0e886aac594ea228073b6d39de0078189da", size = 18489703, upload-time = "2026-07-31T18:43:10Z" },
    { url = "https://ms-feed-25.pkgs.visualstudio.com/6f084628-a36d-42cb-934d-057357e379dc/_packaging/49d7402f-07bb-4b18-a9ce-086e6e98a554/pypi/download/pymupdf/1.28/pymupdf-1.28.0-cp310-abi3-win_amd64.whl", hash = "sha256:e01e90fd86abfeb37ceb921eddb951f988a11d45ff6ce6b7664f2039849068ec", size = 19773102, upload-time = "2026-07-27T17:01:45Z" },
    { url = "https://ms-feed-25.pkgs.visualstudio.com/6f084628-a36d-42cb-934d-057357e379dc/_packaging/49d7402f-07bb-4b18-a9ce-086e6e98a554/pypi/download/pymupdf/1.28/pymupdf-1.28.0-cp313-abi3-pyemscripten_2025_0_wasm32.whl", hash = "sha256:74c6d00ba2a9aad3a635db73b07c15db462b480741d831a34a75a56535ebc22b", size = 18357011, upload-time = "2026-06-29T20:50:50Z" },
]

[[package]]
name = "pytest"
version = "8.4.2"
source = { registry = "https://packagefeedproxy.microsoft.io/pypi/simple/" }
dependencies = [
    { name = "colorama", marker = "sys_platform == 'win32'" },
    { name = "iniconfig" },
    { name = "packaging" },
    { name = "pluggy" },
    { name = "pygments" },
]
sdist = { url = "https://ms-feed-25.pkgs.visualstudio.com/6f084628-a36d-42cb-934d-057357e379dc/_packaging/49d7402f-07bb-4b18-a9ce-086e6e98a554/pypi/download/pytest/8.4.2/pytest-8.4.2.tar.gz", hash = "sha256:86c0d0b93306b961d58d62a4db4879f27fe25513d4b969df351abdddb3c30e01", size = 1519618, upload-time = "2026-08-04T19:07:55Z" }
wheels = [
    { url = "https://ms-feed-25.pkgs.visualstudio.com/6f084628-a36d-42cb-934d-057357e379dc/_packaging/49d7402f-07bb-4b18-a9ce-086e6e98a554/pypi/download/pytest/8.4.2/pytest-8.4.2-py3-none-any.whl", hash = "sha256:872f880de3fc3a5bdc88a11b39c9710c3497a547cfa9320bc3c5e62fbf272e79", size = 365750, upload-time = "2026-07-27T10:53:08Z" },
]

[[package]]
name = "typing-extensions"
version = "4.16.0"
source = { registry = "https://packagefeedproxy.microsoft.io/pypi/simple/" }
sdist = { url = "https://ms-feed-25.pkgs.visualstudio.com/6f084628-a36d-42cb-934d-057357e379dc/_packaging/49d7402f-07bb-4b18-a9ce-086e6e98a554/pypi/download/typing-extensions/4.16/typing_extensions-4.16.0.tar.gz", hash = "sha256:dc983d19a509c94dba722ee6abd33940f7c05a89e243c47e907eb4db6f1a43e5", size = 113555, upload-time = "2026-08-02T06:16:35Z" }
wheels = [
    { url = "https://ms-feed-25.pkgs.visualstudio.com/6f084628-a36d-42cb-934d-057357e379dc/_packaging/49d7402f-07bb-4b18-a9ce-086e6e98a554/pypi/download/typing-extensions/4.16/typing_extensions-4.16.0-py3-none-any.whl", hash = "sha256:481caa481374e813c1b176ada14e97f1f67a4539ce9cfeb3f350d78d6370c2e8", size = 45571, upload-time = "2026-07-21T10:20:28Z" },
]
